
Microsoft Visual Studio Solution File, Format Version 12.00
# Visual Studio Version 18
VisualStudioVersion = 18.2.11408.102
MinimumVisualStudioVersion = 10.0.40219.1
Project("{FAE04EC0-301F-11D3-BF4B-00C04F79EFBC}") = "Goodtocode.Validation", "Goodtocode.Validation\Goodtocode.Validation.csproj", "{2B3E8D44-CA2A-E788-3818-659013525BD7}"
EndProject
Project("{FAE04EC0-301F-11D3-BF4B-00C04F79EFBC}") = "Goodtocode.Validation.Tests", "Goodtocode.Validation.Tests\Goodtocode.Validation.Tests.csproj", "{D67A02FB-3CE7-A15C-C1AE-698973398852}"
EndProject
Global
	GlobalSection(SolutionConfigurationPlatforms) = preSolution
		Debug|Any CPU = Debug|Any CPU
		Release|Any CPU = Release|Any CPU
	EndGlobalSection
	GlobalSection(ProjectConfigurationPlatforms) = postSolution
		{2B3E8D44-CA2A-E788-3818-659013525BD7}.Debug|Any CPU.ActiveCfg = Debug|Any CPU
		{2B3E8D44-CA2A-E788-3818-659013525BD7}.Debug|Any CPU.Build.0 = Debug|Any CPU
		{2B3E8D44-CA2A-E788-3818-659013525BD7}.Release|Any CPU.ActiveCfg = Release|Any CPU
		{2B3E8D44-CA2A-E788-3818-659013525BD7}.Release|Any CPU.Build.0 = Release|Any CPU
		{D67A02FB-3CE7-A15C-C1AE-698973398852}.Debug|Any CPU.ActiveCfg = Debug|Any CPU
		{D67A02FB-3CE7-A15C-C1AE-698973398852}.Debug|Any CPU.Build.0 = Debug|Any CPU
		{D67A02FB-3CE7-A15C-C1AE-698973398852}.Release|Any CPU.ActiveCfg = Release|Any CPU
		{D67A02FB-3CE7-A15C-C1AE-698973398852}.Release|Any CPU.Build.0 = Release|Any CPU
	EndGlobalSection
	GlobalSection(SolutionProperties) = preSolution
		HideSolutionNode = FALSE
	EndGlobalSection
	GlobalSection(ExtensibilityGlobals) = postSolution
		SolutionGuid = {394AC88B-6897-416E-B92F-1D370A044F06}
	EndGlobalSection
EndGlobal
